
Microsoft Visual Studio Solution File, Format Version 12.00
# Visual Studio Version 16
VisualStudioVersion = 16.0.31105.61
MinimumVisualStudioVersion = 10.0.40219.1
Project("{9A19103F-16F7-4668-BE54-9A1E7A4F7556}") = "Topaz", "Topaz\Topaz.csproj", "{77BFA01C-C1C4-4CC1-ACDC-E22E9F2A6EF5}"
EndProject
Project("{9A19103F-16F7-4668-BE54-9A1E7A4F7556}") = "Topaz.Test", "Topaz.Test\Topaz.Test.csproj", "{F89547A1-9041-4BFA-845C-3F1BFA593132}"
EndProject
Project("{9A19103F-16F7-4668-BE54-9A1E7A4F7556}") = "Topaz.Benchmark", "Topaz.Benchmark\Topaz.Benchmark.csproj", "{A2856228-A6C3-4969-B009-6F5074A9D4D2}"
EndProject
Project("{2150E333-8FDC-42A3-9474-1A3956D46DE8}") = "Solution Items", "Solution Items", "{F21A4085-E7BB-420E-B2B9-26EB2E85F1DF}"
	ProjectSection(SolutionItems) = preProject
		.editorconfig = .editorconfig
	EndProjectSection
EndProject
Global
	GlobalSection(SolutionConfigurationPlatforms) = preSolution
		Debug|Any CPU = Debug|Any CPU
		Release|Any CPU = Release|Any CPU
	EndGlobalSection
	GlobalSection(ProjectConfigurationPlatforms) = postSolution
		{77BFA01C-C1C4-4CC1-ACDC-E22E9F2A6EF5}.Debug|Any CPU.ActiveCfg = Debug|Any CPU
		{77BFA01C-C1C4-4CC1-ACDC-E22E9F2A6EF5}.Debug|Any CPU.Build.0 = Debug|Any CPU
		{77BFA01C-C1C4-4CC1-ACDC-E22E9F2A6EF5}.Release|Any CPU.ActiveCfg = Release|Any CPU
		{77BFA01C-C1C4-4CC1-ACDC-E22E9F2A6EF5}.Release|Any CPU.Build.0 = Release|Any CPU
		{F89547A1-9041-4BFA-845C-3F1BFA593132}.Debug|Any CPU.ActiveCfg = Debug|Any CPU
		{F89547A1-9041-4BFA-845C-3F1BFA593132}.Debug|Any CPU.Build.0 = Debug|Any CPU
		{F89547A1-9041-4BFA-845C-3F1BFA593132}.Release|Any CPU.ActiveCfg = Release|Any CPU
		{F89547A1-9041-4BFA-845C-3F1BFA593132}.Release|Any CPU.Build.0 = Release|Any CPU
		{A2856228-A6C3-4969-B009-6F5074A9D4D2}.Debug|Any CPU.ActiveCfg = Debug|Any CPU
		{A2856228-A6C3-4969-B009-6F5074A9D4D2}.Debug|Any CPU.Build.0 = Debug|Any CPU
		{A2856228-A6C3-4969-B009-6F5074A9D4D2}.Release|Any CPU.ActiveCfg = Release|Any CPU
		{A2856228-A6C3-4969-B009-6F5074A9D4D2}.Release|Any CPU.Build.0 = Release|Any CPU
	EndGlobalSection
	GlobalSection(SolutionProperties) = preSolution
		HideSolutionNode = FALSE
	EndGlobalSection
	GlobalSection(ExtensibilityGlobals) = postSolution
		SolutionGuid = {4C027034-BF39-4FD8-B35A-B03A854A1405}
	EndGlobalSection
EndGlobal
